
Microsoft Visual Studio Solution File, Format Version 12.00
# Visual Studio Version 17
VisualStudioVersion = 17.4.33213.308
MinimumVisualStudioVersion = 10.0.40219.1
Project("{9A19103F-16F7-4668-BE54-9A1E7A4F7556}") = "RandomUser", "RandomUser\RandomUser.csproj", "{723E55E6-BC8D-4EF2-A113-2EC55AE8F652}"
EndProject
Project("{FAE04EC0-301F-11D3-BF4B-00C04F79EFBC}") = "RandomUserTests", "RandomUserTests\RandomUserTests.csproj", "{59D2045D-29A8-4765-A6D8-4D8E155B1488}"
EndProject
Global
	GlobalSection(SolutionConfigurationPlatforms) = preSolution
		Debug|Any CPU = Debug|Any CPU
		Release|Any CPU = Release|Any CPU
	EndGlobalSection
	GlobalSection(ProjectConfigurationPlatforms) = postSolution
		{723E55E6-BC8D-4EF2-A113-2EC55AE8F652}.Debug|Any CPU.ActiveCfg = Debug|Any CPU
		{723E55E6-BC8D-4EF2-A113-2EC55AE8F652}.Debug|Any CPU.Build.0 = Debug|Any CPU
		{723E55E6-BC8D-4EF2-A113-2EC55AE8F652}.Release|Any CPU.ActiveCfg = Release|Any CPU
		{723E55E6-BC8D-4EF2-A113-2EC55AE8F652}.Release|Any CPU.Build.0 = Release|Any CPU
		{59D2045D-29A8-4765-A6D8-4D8E155B1488}.Debug|Any CPU.ActiveCfg = Debug|Any CPU
		{59D2045D-29A8-4765-A6D8-4D8E155B1488}.Debug|Any CPU.Build.0 = Debug|Any CPU
		{59D2045D-29A8-4765-A6D8-4D8E155B1488}.Release|Any CPU.ActiveCfg = Release|Any CPU
		{59D2045D-29A8-4765-A6D8-4D8E155B1488}.Release|Any CPU.Build.0 = Release|Any CPU
	EndGlobalSection
	GlobalSection(SolutionProperties) = preSolution
		HideSolutionNode = FALSE
	EndGlobalSection
	GlobalSection(ExtensibilityGlobals) = postSolution
		SolutionGuid = {587BC212-93C0-45C1-AF25-4F83666778BD}
	EndGlobalSection
EndGlobal
